// !$*UTF8*$!
{
	archiveVersion = 1;
	classes = {
	};
	objectVersion = 50;
	objects = {

/* Begin PBXBuildFile section */
		DB0F33812373E72A00C829E6 /* AppDelegate.swift in Sources */ = {isa = PBXBuildFile; fileRef = DB0F33802373E72A00C829E6 /* AppDelegate.swift */; };
		DB0F33832373E72A00C829E6 /* SceneDelegate.swift in Sources */ = {isa = PBXBuildFile; fileRef = DB0F33822373E72A00C829E6 /* SceneDelegate.swift */; };
		DB0F33852373E72A00C829E6 /* HomeViewController.swift in Sources */ = {isa = PBXBuildFile; fileRef = DB0F33842373E72A00C829E6 /* HomeViewController.swift */; };
		DB0F33882373E72A00C829E6 /* Main.storyboard in Resources */ = {isa = PBXBuildFile; fileRef = DB0F33862373E72A00C829E6 /* Main.storyboard */; };
		DB0F338A2373E72B00C829E6 /* Assets.xcassets in Resources */ = {isa = PBXBuildFile; fileRef = DB0F33892373E72B00C829E6 /* Assets.xcassets */; };
		DB0F338D2373E72B00C829E6 /* LaunchScreen.storyboard in Resources */ = {isa = PBXBuildFile; fileRef = DB0F338B2373E72B00C829E6 /* LaunchScreen.storyboard */; };
		DB0F33982373E72C00C829E6 /* MVVMPracticeTests.swift in Sources */ = {isa = PBXBuildFile; fileRef = DB0F33972373E72C00C829E6 /* MVVMPracticeTests.swift */; };
		DB0F33A32373E72C00C829E6 /* MVVMPracticeUITests.swift in Sources */ = {isa = PBXBuildFile; fileRef = DB0F33A22373E72C00C829E6 /* MVVMPracticeUITests.swift */; };
		DB0F33BA2373E94C00C829E6 /* Player.swift in Sources */ = {isa = PBXBuildFile; fileRef = DB0F33B72373E94C00C829E6 /* Player.swift */; };
		DB0F33BB2373E94C00C829E6 /* Game.swift in Sources */ = {isa = PBXBuildFile; fileRef = DB0F33B82373E94C00C829E6 /* Game.swift */; };
		DB0F33BC2373E94C00C829E6 /* Team.swift in Sources */ = {isa = PBXBuildFile; fileRef = DB0F33B92373E94C00C829E6 /* Team.swift */; };
		DB0F33C02373E9FF00C829E6 /* GameScoreboardEditor.storyboard in Resources */ = {isa = PBXBuildFile; fileRef = DB0F33BF2373E9FF00C829E6 /* GameScoreboardEditor.storyboard */; };
		DB0F33C22373EA1100C829E6 /* GameScoreboardEditorViewController.swift in Sources */ = {isa = PBXBuildFile; fileRef = DB0F33C12373EA1100C829E6 /* GameScoreboardEditorViewController.swift */; };
		DB0F33C42373EA3000C829E6 /* PlayerScoreboardMoveEditorView.xib in Resources */ = {isa = PBXBuildFile; fileRef = DB0F33C32373EA3000C829E6 /* PlayerScoreboardMoveEditorView.xib */; };
		DB0F33C62373EA3800C829E6 /* PlayerScoreboardMoveEditorView.swift in Sources */ = {isa = PBXBuildFile; fileRef = DB0F33C52373EA3800C829E6 /* PlayerScoreboardMoveEditorView.swift */; };
		DB0F33CC2373EB4200C829E6 /* UINib+Loader.swift in Sources */ = {isa = PBXBuildFile; fileRef = DB0F33C72373EB4200C829E6 /* UINib+Loader.swift */; };
		DB0F33CD2373EB4200C829E6 /* UIColor+Theme.swift in Sources */ = {isa = PBXBuildFile; fileRef = DB0F33C82373EB4200C829E6 /* UIColor+Theme.swift */; };
		DB0F33CE2373EB4200C829E6 /* UIStoryboard+Loader.swift in Sources */ = {isa = PBXBuildFile; fileRef = DB0F33C92373EB4200C829E6 /* UIStoryboard+Loader.swift */; };
		DB0F33CF2373EB4200C829E6 /* UIViewController+Subview.swift in Sources */ = {isa = PBXBuildFile; fileRef = DB0F33CA2373EB4200C829E6 /* UIViewController+Subview.swift */; };
		DB0F33D02373EB4200C829E6 /* NSTimer+Closure.swift in Sources */ = {isa = PBXBuildFile; fileRef = DB0F33CB2373EB4200C829E6 /* NSTimer+Closure.swift */; };
		DB0F33D32373EC8400C829E6 /* GameLibrary.swift in Sources */ = {isa = PBXBuildFile; fileRef = DB0F33D12373EC8400C829E6 /* GameLibrary.swift */; };
		DB0F33D42373EC8400C829E6 /* InMemoryGameLibrary.swift in Sources */ = {isa = PBXBuildFile; fileRef = DB0F33D22373EC8400C829E6 /* InMemoryGameLibrary.swift */; };
		DB0F33D62373F22300C829E6 /* GameScoreboardEditorViewModel.swift in Sources */ = {isa = PBXBuildFile; fileRef = DB0F33D52373F22300C829E6 /* GameScoreboardEditorViewModel.swift */; };
		DB0F33D82373F25C00C829E6 /* GameScoreboardEditorViewModelFromGame.swift in Sources */ = {isa = PBXBuildFile; fileRef = DB0F33D72373F25C00C829E6 /* GameScoreboardEditorViewModelFromGame.swift */; };
		DB0F33DA2373F68A00C829E6 /* PlayerScoreboardMoveEditorViewModel.swift in Sources */ = {isa = PBXBuildFile; fileRef = DB0F33D92373F68A00C829E6 /* PlayerScoreboardMoveEditorViewModel.swift */; };
		DB0F33DC2373F6CB00C829E6 /* PlayerScoreboardMoveEditorViewModelFromPlayer.swift in Sources */ = {isa = PBXBuildFile; fileRef = DB0F33DB2373F6CB00C829E6 /* PlayerScoreboardMoveEditorViewModelFromPlayer.swift */; };
		DB0F33DE2373F9E800C829E6 /* Dynamic.swift in Sources */ = {isa = PBXBuildFile; fileRef = DB0F33DD2373F9E800C829E6 /* Dynamic.swift */; };
/* End PBXBuildFile section */

/* Begin PBXContainerItemProxy section */
		DB0F33942373E72C00C829E6 /* PBXContainerItemProxy */ = {
			isa = PBXContainerItemProxy;
			containerPortal = DB0F33752373E72A00C829E6 /* Project object */;
			proxyType = 1;
			remoteGlobalIDString = DB0F337C2373E72A00C829E6;
			remoteInfo = MVVMPractice;
		};
		DB0F339F2373E72C00C829E6 /* PBXContainerItemProxy */ = {
			isa = PBXContainerItemProxy;
			containerPortal = DB0F33752373E72A00C829E6 /* Project object */;
			proxyType = 1;
			remoteGlobalIDString = DB0F337C2373E72A00C829E6;
			remoteInfo = MVVMPractice;
		};
/* End PBXContainerItemProxy section */

/* Begin PBXFileReference section */
		DB0F337D2373E72A00C829E6 /* MVVMPractice.app */ = {isa = PBXFileReference; explicitFileType = wrapper.application; includeInIndex = 0; path = MVVMPractice.app; sourceTree = BUILT_PRODUCTS_DIR; };
		DB0F33802373E72A00C829E6 /* AppDelegate.swift */ = {isa = PBXFileReference; lastKnownFileType = sourcecode.swift; path = AppDelegate.swift; sourceTree = "<group>"; };
		DB0F33822373E72A00C829E6 /* SceneDelegate.swift */ = {isa = PBXFileReference; lastKnownFileType = sourcecode.swift; path = SceneDelegate.swift; sourceTree = "<group>"; };
		DB0F33842373E72A00C829E6 /* HomeViewController.swift */ = {isa = PBXFileReference; lastKnownFileType = sourcecode.swift; path = HomeViewController.swift; sourceTree = "<group>"; };
		DB0F33872373E72A00C829E6 /* Base */ = {isa = PBXFileReference; lastKnownFileType = file.storyboard; name = Base; path = Base.lproj/Main.storyboard; sourceTree = "<group>"; };
		DB0F33892373E72B00C829E6 /* Assets.xcassets */ = {isa = PBXFileReference; lastKnownFileType = folder.assetcatalog; path = Assets.xcassets; sourceTree = "<group>"; };
		DB0F338C2373E72B00C829E6 /* Base */ = {isa = PBXFileReference; lastKnownFileType = file.storyboard; name = Base; path = Base.lproj/LaunchScreen.storyboard; sourceTree = "<group>"; };
		DB0F338E2373E72B00C829E6 /* Info.plist */ = {isa = PBXFileReference; lastKnownFileType = text.plist.xml; path = Info.plist; sourceTree = "<group>"; };
		DB0F33932373E72C00C829E6 /* MVVMPracticeTests.xctest */ = {isa = PBXFileReference; explicitFileType = wrapper.cfbundle; includeInIndex = 0; path = MVVMPracticeTests.xctest; sourceTree = BUILT_PRODUCTS_DIR; };
		DB0F33972373E72C00C829E6 /* MVVMPracticeTests.swift */ = {isa = PBXFileReference; lastKnownFileType = sourcecode.swift; path = MVVMPracticeTests.swift; sourceTree = "<group>"; };
		DB0F33992373E72C00C829E6 /* Info.plist */ = {isa = PBXFileReference; lastKnownFileType = text.plist.xml; path = Info.plist; sourceTree = "<group>"; };
		DB0F339E2373E72C00C829E6 /* MVVMPracticeUITests.xctest */ = {isa = PBXFileReference; explicitFileType = wrapper.cfbundle; includeInIndex = 0; path = MVVMPracticeUITests.xctest; sourceTree = BUILT_PRODUCTS_DIR; };
		DB0F33A22373E72C00C829E6 /* MVVMPracticeUITests.swift */ = {isa = PBXFileReference; lastKnownFileType = sourcecode.swift; path = MVVMPracticeUITests.swift; sourceTree = "<group>"; };
		DB0F33A42373E72C00C829E6 /* Info.plist */ = {isa = PBXFileReference; lastKnownFileType = text.plist.xml; path = Info.plist; sourceTree = "<group>"; };
		DB0F33B72373E94C00C829E6 /* Player.swift */ = {isa = PBXFileReference; fileEncoding = 4; lastKnownFileType = sourcecode.swift; path = Player.swift; sourceTree = "<group>"; };
		DB0F33B82373E94C00C829E6 /* Game.swift */ = {isa = PBXFileReference; fileEncoding = 4; lastKnownFileType = sourcecode.swift; path = Game.swift; sourceTree = "<group>"; };
		DB0F33B92373E94C00C829E6 /* Team.swift */ = {isa = PBXFileReference; fileEncoding = 4; lastKnownFileType = sourcecode.swift; path = Team.swift; sourceTree = "<group>"; };
		DB0F33BF2373E9FF00C829E6 /* GameScoreboardEditor.storyboard */ = {isa = PBXFileReference; lastKnownFileType = file.storyboard; path = GameScoreboardEditor.storyboard; sourceTree = "<group>"; };
		DB0F33C12373EA1100C829E6 /* GameScoreboardEditorViewController.swift */ = {isa = PBXFileReference; lastKnownFileType = sourcecode.swift; path = GameScoreboardEditorViewController.swift; sourceTree = "<group>"; };
		DB0F33C32373EA3000C829E6 /* PlayerScoreboardMoveEditorView.xib */ = {isa = PBXFileReference; lastKnownFileType = file.xib; path = PlayerScoreboardMoveEditorView.xib; sourceTree = "<group>"; };
		DB0F33C52373EA3800C829E6 /* PlayerScoreboardMoveEditorView.swift */ = {isa = PBXFileReference; lastKnownFileType = sourcecode.swift; path = PlayerScoreboardMoveEditorView.swift; sourceTree = "<group>"; };
		DB0F33C72373EB4200C829E6 /* UINib+Loader.swift */ = {isa = PBXFileReference; fileEncoding = 4; lastKnownFileType = sourcecode.swift; path = "UINib+Loader.swift"; sourceTree = "<group>"; };
		DB0F33C82373EB4200C829E6 /* UIColor+Theme.swift */ = {isa = PBXFileReference; fileEncoding = 4; lastKnownFileType = sourcecode.swift; path = "UIColor+Theme.swift"; sourceTree = "<group>"; };
		DB0F33C92373EB4200C829E6 /* UIStoryboard+Loader.swift */ = {isa = PBXFileReference; fileEncoding = 4; lastKnownFileType = sourcecode.swift; path = "UIStoryboard+Loader.swift"; sourceTree = "<group>"; };
		DB0F33CA2373EB4200C829E6 /* UIViewController+Subview.swift */ = {isa = PBXFileReference; fileEncoding = 4; lastKnownFileType = sourcecode.swift; path = "UIViewController+Subview.swift"; sourceTree = "<group>"; };
		DB0F33CB2373EB4200C829E6 /* NSTimer+Closure.swift */ = {isa = PBXFileReference; fileEncoding = 4; lastKnownFileType = sourcecode.swift; path = "NSTimer+Closure.swift"; sourceTree = "<group>"; };
		DB0F33D12373EC8400C829E6 /* GameLibrary.swift */ = {isa = PBXFileReference; fileEncoding = 4; lastKnownFileType = sourcecode.swift; path = GameLibrary.swift; sourceTree = "<group>"; };
		DB0F33D22373EC8400C829E6 /* InMemoryGameLibrary.swift */ = {isa = PBXFileReference; fileEncoding = 4; lastKnownFileType = sourcecode.swift; path = InMemoryGameLibrary.swift; sourceTree = "<group>"; };
		DB0F33D52373F22300C829E6 /* GameScoreboardEditorViewModel.swift */ = {isa = PBXFileReference; lastKnownFileType = sourcecode.swift; path = GameScoreboardEditorViewModel.swift; sourceTree = "<group>"; };
		DB0F33D72373F25C00C829E6 /* GameScoreboardEditorViewModelFromGame.swift */ = {isa = PBXFileReference; lastKnownFileType = sourcecode.swift; path = GameScoreboardEditorViewModelFromGame.swift; sourceTree = "<group>"; };
		DB0F33D92373F68A00C829E6 /* PlayerScoreboardMoveEditorViewModel.swift */ = {isa = PBXFileReference; lastKnownFileType = sourcecode.swift; path = PlayerScoreboardMoveEditorViewModel.swift; sourceTree = "<group>"; };
		DB0F33DB2373F6CB00C829E6 /* PlayerScoreboardMoveEditorViewModelFromPlayer.swift */ = {isa = PBXFileReference; lastKnownFileType = sourcecode.swift; path = PlayerScoreboardMoveEditorViewModelFromPlayer.swift; sourceTree = "<group>"; };
		DB0F33DD2373F9E800C829E6 /* Dynamic.swift */ = {isa = PBXFileReference; lastKnownFileType = sourcecode.swift; path = Dynamic.swift; sourceTree = "<group>"; };
/* End PBXFileReference section */

/* Begin PBXFrameworksBuildPhase section */
		DB0F337A2373E72A00C829E6 /* Frameworks */ = {
			isa = PBXFrameworksBuildPhase;
			buildActionMask = 2147483647;
			files = (
			);
			runOnlyForDeploymentPostprocessing = 0;
		};
		DB0F33902373E72C00C829E6 /* Frameworks */ = {
			isa = PBXFrameworksBuildPhase;
			buildActionMask = 2147483647;
			files = (
			);
			runOnlyForDeploymentPostprocessing = 0;
		};
		DB0F339B2373E72C00C829E6 /* Frameworks */ = {
			isa = PBXFrameworksBuildPhase;
			buildActionMask = 2147483647;
			files = (
			);
			runOnlyForDeploymentPostprocessing = 0;
		};
/* End PBXFrameworksBuildPhase section */

/* Begin PBXGroup section */
		DB0F33742373E72A00C829E6 = {
			isa = PBXGroup;
			children = (
				DB0F337F2373E72A00C829E6 /* MVVMPractice */,
				DB0F33962373E72C00C829E6 /* MVVMPracticeTests */,
				DB0F33A12373E72C00C829E6 /* MVVMPracticeUITests */,
				DB0F337E2373E72A00C829E6 /* Products */,
			);
			sourceTree = "<group>";
		};
		DB0F337E2373E72A00C829E6 /* Products */ = {
			isa = PBXGroup;
			children = (
				DB0F337D2373E72A00C829E6 /* MVVMPractice.app */,
				DB0F33932373E72C00C829E6 /* MVVMPracticeTests.xctest */,
				DB0F339E2373E72C00C829E6 /* MVVMPracticeUITests.xctest */,
			);
			name = Products;
			sourceTree = "<group>";
		};
		DB0F337F2373E72A00C829E6 /* MVVMPractice */ = {
			isa = PBXGroup;
			children = (
				DB0F33B12373E80900C829E6 /* Model */,
				DB0F33B22373E81000C829E6 /* View */,
				DB0F33B32373E81600C829E6 /* ViewModel */,
				DB0F33B52373E82A00C829E6 /* Extensions */,
				DB0F33B42373E81E00C829E6 /* Services */,
				DB0F33B62373E86400C829E6 /* Resource */,
				DB0F33B02373E7F000C829E6 /* Supporting Files */,
			);
			path = MVVMPractice;
			sourceTree = "<group>";
		};
		DB0F33962373E72C00C829E6 /* MVVMPracticeTests */ = {
			isa = PBXGroup;
			children = (
				DB0F33972373E72C00C829E6 /* MVVMPracticeTests.swift */,
				DB0F33992373E72C00C829E6 /* Info.plist */,
			);
			path = MVVMPracticeTests;
			sourceTree = "<group>";
		};
		DB0F33A12373E72C00C829E6 /* MVVMPracticeUITests */ = {
			isa = PBXGroup;
			children = (
				DB0F33A22373E72C00C829E6 /* MVVMPracticeUITests.swift */,
				DB0F33A42373E72C00C829E6 /* Info.plist */,
			);
			path = MVVMPracticeUITests;
			sourceTree = "<group>";
		};
		DB0F33B02373E7F000C829E6 /* Supporting Files */ = {
			isa = PBXGroup;
			children = (
				DB0F33802373E72A00C829E6 /* AppDelegate.swift */,
				DB0F33822373E72A00C829E6 /* SceneDelegate.swift */,
				DB0F338B2373E72B00C829E6 /* LaunchScreen.storyboard */,
				DB0F338E2373E72B00C829E6 /* Info.plist */,
			);
			path = "Supporting Files";
			sourceTree = "<group>";
		};
		DB0F33B12373E80900C829E6 /* Model */ = {
			isa = PBXGroup;
			children = (
				DB0F33B82373E94C00C829E6 /* Game.swift */,
				DB0F33B72373E94C00C829E6 /* Player.swift */,
				DB0F33B92373E94C00C829E6 /* Team.swift */,
			);
			path = Model;
			sourceTree = "<group>";
		};
		DB0F33B22373E81000C829E6 /* View */ = {
			isa = PBXGroup;
			children = (
				DB0F33862373E72A00C829E6 /* Main.storyboard */,
				DB0F33842373E72A00C829E6 /* HomeViewController.swift */,
				DB0F33BD2373E98300C829E6 /* GameScoreboardEditor */,
			);
			path = View;
			sourceTree = "<group>";
		};
		DB0F33B32373E81600C829E6 /* ViewModel */ = {
			isa = PBXGroup;
			children = (
				DB0F33D52373F22300C829E6 /* GameScoreboardEditorViewModel.swift */,
				DB0F33D72373F25C00C829E6 /* GameScoreboardEditorViewModelFromGame.swift */,
				DB0F33D92373F68A00C829E6 /* PlayerScoreboardMoveEditorViewModel.swift */,
				DB0F33DB2373F6CB00C829E6 /* PlayerScoreboardMoveEditorViewModelFromPlayer.swift */,
				DB0F33DD2373F9E800C829E6 /* Dynamic.swift */,
			);
			path = ViewModel;
			sourceTree = "<group>";
		};
		DB0F33B42373E81E00C829E6 /* Services */ = {
			isa = PBXGroup;
			children = (
				DB0F33D12373EC8400C829E6 /* GameLibrary.swift */,
				DB0F33D22373EC8400C829E6 /* InMemoryGameLibrary.swift */,
			);
			path = Services;
			sourceTree = "<group>";
		};
		DB0F33B52373E82A00C829E6 /* Extensions */ = {
			isa = PBXGroup;
			children = (
				DB0F33CB2373EB4200C829E6 /* NSTimer+Closure.swift */,
				DB0F33C82373EB4200C829E6 /* UIColor+Theme.swift */,
				DB0F33C72373EB4200C829E6 /* UINib+Loader.swift */,
				DB0F33C92373EB4200C829E6 /* UIStoryboard+Loader.swift */,
				DB0F33CA2373EB4200C829E6 /* UIViewController+Subview.swift */,
			);
			path = Extensions;
			sourceTree = "<group>";
		};
		DB0F33B62373E86400C829E6 /* Resource */ = {
			isa = PBXGroup;
			children = (
				DB0F33892373E72B00C829E6 /* Assets.xcassets */,
			);
			path = Resource;
			sourceTree = "<group>";
		};
		DB0F33BD2373E98300C829E6 /* GameScoreboardEditor */ = {
			isa = PBXGroup;
			children = (
				DB0F33BF2373E9FF00C829E6 /* GameScoreboardEditor.storyboard */,
				DB0F33C12373EA1100C829E6 /* GameScoreboardEditorViewController.swift */,
				DB0F33C32373EA3000C829E6 /* PlayerScoreboardMoveEditorView.xib */,
				DB0F33C52373EA3800C829E6 /* PlayerScoreboardMoveEditorView.swift */,
			);
			path = GameScoreboardEditor;
			sourceTree = "<group>";
		};
/* End PBXGroup section */

/* Begin PBXNativeTarget section */
		DB0F337C2373E72A00C829E6 /* MVVMPractice */ = {
			isa = PBXNativeTarget;
			buildConfigurationList = DB0F33A72373E72C00C829E6 /* Build configuration list for PBXNativeTarget "MVVMPractice" */;
			buildPhases = (
				DB0F33792373E72A00C829E6 /* Sources */,
				DB0F337A2373E72A00C829E6 /* Frameworks */,
				DB0F337B2373E72A00C829E6 /* Resources */,
			);
			buildRules = (
			);
			dependencies = (
			);
			name = MVVMPractice;
			productName = MVVMPractice;
			productReference = DB0F337D2373E72A00C829E6 /* MVVMPractice.app */;
			productType = "com.apple.product-type.application";
		};
		DB0F33922373E72C00C829E6 /* MVVMPracticeTests */ = {
			isa = PBXNativeTarget;
			buildConfigurationList = DB0F33AA2373E72C00C829E6 /* Build configuration list for PBXNativeTarget "MVVMPracticeTests" */;
			buildPhases = (
				DB0F338F2373E72C00C829E6 /* Sources */,
				DB0F33902373E72C00C829E6 /* Frameworks */,
				DB0F33912373E72C00C829E6 /* Resources */,
			);
			buildRules = (
			);
			dependencies = (
				DB0F33952373E72C00C829E6 /* PBXTargetDependency */,
			);
			name = MVVMPracticeTests;
			productName = MVVMPracticeTests;
			productReference = DB0F33932373E72C00C829E6 /* MVVMPracticeTests.xctest */;
			productType = "com.apple.product-type.bundle.unit-test";
		};
		DB0F339D2373E72C00C829E6 /* MVVMPracticeUITests */ = {
			isa = PBXNativeTarget;
			buildConfigurationList = DB0F33AD2373E72C00C829E6 /* Build configuration list for PBXNativeTarget "MVVMPracticeUITests" */;
			buildPhases = (
				DB0F339A2373E72C00C829E6 /* Sources */,
				DB0F339B2373E72C00C829E6 /* Frameworks */,
				DB0F339C2373E72C00C829E6 /* Resources */,
			);
			buildRules = (
			);
			dependencies = (
				DB0F33A02373E72C00C829E6 /* PBXTargetDependency */,
			);
			name = MVVMPracticeUITests;
			productName = MVVMPracticeUITests;
			productReference = DB0F339E2373E72C00C829E6 /* MVVMPracticeUITests.xctest */;
			productType = "com.apple.product-type.bundle.ui-testing";
		};
/* End PBXNativeTarget section */

/* Begin PBXProject section */
		DB0F33752373E72A00C829E6 /* Project object */ = {
			isa = PBXProject;
			attributes = {
				LastSwiftUpdateCheck = 1120;
				LastUpgradeCheck = 1120;
				ORGANIZATIONNAME = "Kim DongHwan";
				TargetAttributes = {
					DB0F337C2373E72A00C829E6 = {
						CreatedOnToolsVersion = 11.2;
					};
					DB0F33922373E72C00C829E6 = {
						CreatedOnToolsVersion = 11.2;
						TestTargetID = DB0F337C2373E72A00C829E6;
					};
					DB0F339D2373E72C00C829E6 = {
						CreatedOnToolsVersion = 11.2;
						TestTargetID = DB0F337C2373E72A00C829E6;
					};
				};
			};
			buildConfigurationList = DB0F33782373E72A00C829E6 /* Build configuration list for PBXProject "MVVMPractice" */;
			compatibilityVersion = "Xcode 9.3";
			developmentRegion = en;
			hasScannedForEncodings = 0;
			knownRegions = (
				en,
				Base,
			);
			mainGroup = DB0F33742373E72A00C829E6;
			productRefGroup = DB0F337E2373E72A00C829E6 /* Products */;
			projectDirPath = "";
			projectRoot = "";
			targets = (
				DB0F337C2373E72A00C829E6 /* MVVMPractice */,
				DB0F33922373E72C00C829E6 /* MVVMPracticeTests */,
				DB0F339D2373E72C00C829E6 /* MVVMPracticeUITests */,
			);
		};
/* End PBXProject section */

/* Begin PBXResourcesBuildPhase section */
		DB0F337B2373E72A00C829E6 /* Resources */ = {
			isa = PBXResourcesBuildPhase;
			buildActionMask = 2147483647;
			files = (
				DB0F33C42373EA3000C829E6 /* PlayerScoreboardMoveEditorView.xib in Resources */,
				DB0F338D2373E72B00C829E6 /* LaunchScreen.storyboard in Resources */,
				DB0F338A2373E72B00C829E6 /* Assets.xcassets in Resources */,
				DB0F33882373E72A00C829E6 /* Main.storyboard in Resources */,
				DB0F33C02373E9FF00C829E6 /* GameScoreboardEditor.storyboard in Resources */,
			);
			runOnlyForDeploymentPostprocessing = 0;
		};
		DB0F33912373E72C00C829E6 /* Resources */ = {
			isa = PBXResourcesBuildPhase;
			buildActionMask = 2147483647;
			files = (
			);
			runOnlyForDeploymentPostprocessing = 0;
		};
		DB0F339C2373E72C00C829E6 /* Resources */ = {
			isa = PBXResourcesBuildPhase;
			buildActionMask = 2147483647;
			files = (
			);
			runOnlyForDeploymentPostprocessing = 0;
		};
/* End PBXResourcesBuildPhase section */

/* Begin PBXSourcesBuildPhase section */
		DB0F33792373E72A00C829E6 /* Sources */ = {
			isa = PBXSourcesBuildPhase;
			buildActionMask = 2147483647;
			files = (
				DB0F33CC2373EB4200C829E6 /* UINib+Loader.swift in Sources */,
				DB0F33DE2373F9E800C829E6 /* Dynamic.swift in Sources */,
				DB0F33D32373EC8400C829E6 /* GameLibrary.swift in Sources */,
				DB0F33BC2373E94C00C829E6 /* Team.swift in Sources */,
				DB0F33C62373EA3800C829E6 /* PlayerScoreboardMoveEditorView.swift in Sources */,
				DB0F33D82373F25C00C829E6 /* GameScoreboardEditorViewModelFromGame.swift in Sources */,
				DB0F33C22373EA1100C829E6 /* GameScoreboardEditorViewController.swift in Sources */,
				DB0F33BA2373E94C00C829E6 /* Player.swift in Sources */,
				DB0F33CD2373EB4200C829E6 /* UIColor+Theme.swift in Sources */,
				DB0F33DC2373F6CB00C829E6 /* PlayerScoreboardMoveEditorViewModelFromPlayer.swift in Sources */,
				DB0F33D62373F22300C829E6 /* GameScoreboardEditorViewModel.swift in Sources */,
				DB0F33BB2373E94C00C829E6 /* Game.swift in Sources */,
				DB0F33D42373EC8400C829E6 /* InMemoryGameLibrary.swift in Sources */,
				DB0F33852373E72A00C829E6 /* HomeViewController.swift in Sources */,
				DB0F33812373E72A00C829E6 /* AppDelegate.swift in Sources */,
				DB0F33DA2373F68A00C829E6 /* PlayerScoreboardMoveEditorViewModel.swift in Sources */,
				DB0F33D02373EB4200C829E6 /* NSTimer+Closure.swift in Sources */,
				DB0F33832373E72A00C829E6 /* SceneDelegate.swift in Sources */,
				DB0F33CF2373EB4200C829E6 /* UIViewController+Subview.swift in Sources */,
				DB0F33CE2373EB4200C829E6 /* UIStoryboard+Loader.swift in Sources */,
			);
			runOnlyForDeploymentPostprocessing = 0;
		};
		DB0F338F2373E72C00C829E6 /* Sources */ = {
			isa = PBXSourcesBuildPhase;
			buildActionMask = 2147483647;
			files = (
				DB0F33982373E72C00C829E6 /* MVVMPracticeTests.swift in Sources */,
			);
			runOnlyForDeploymentPostprocessing = 0;
		};
		DB0F339A2373E72C00C829E6 /* Sources */ = {
			isa = PBXSourcesBuildPhase;
			buildActionMask = 2147483647;
			files = (
				DB0F33A32373E72C00C829E6 /* MVVMPracticeUITests.swift in Sources */,
			);
			runOnlyForDeploymentPostprocessing = 0;
		};
/* End PBXSourcesBuildPhase section */

/* Begin PBXTargetDependency section */
		DB0F33952373E72C00C829E6 /* PBXTargetDependency */ = {
			isa = PBXTargetDependency;
			target = DB0F337C2373E72A00C829E6 /* MVVMPractice */;
			targetProxy = DB0F33942373E72C00C829E6 /* PBXContainerItemProxy */;
		};
		DB0F33A02373E72C00C829E6 /* PBXTargetDependency */ = {
			isa = PBXTargetDependency;
			target = DB0F337C2373E72A00C829E6 /* MVVMPractice */;
			targetProxy = DB0F339F2373E72C00C829E6 /* PBXContainerItemProxy */;
		};
/* End PBXTargetDependency section */

/* Begin PBXVariantGroup section */
		DB0F33862373E72A00C829E6 /* Main.storyboard */ = {
			isa = PBXVariantGroup;
			children = (
				DB0F33872373E72A00C829E6 /* Base */,
			);
			name = Main.storyboard;
			sourceTree = "<group>";
		};
		DB0F338B2373E72B00C829E6 /* LaunchScreen.storyboard */ = {
			isa = PBXVariantGroup;
			children = (
				DB0F338C2373E72B00C829E6 /* Base */,
			);
			name = LaunchScreen.storyboard;
			sourceTree = "<group>";
		};
/* End PBXVariantGroup section */

/* Begin XCBuildConfiguration section */
		DB0F33A52373E72C00C829E6 /* Debug */ = {
			isa = XCBuildConfiguration;
			buildSettings = {
				ALWAYS_SEARCH_USER_PATHS = NO;
				CLANG_ANALYZER_NONNULL = YES;
				CLANG_ANALYZER_NUMBER_OBJECT_CONVERSION = YES_AGGRESSIVE;
				CLANG_CXX_LANGUAGE_STANDARD = "gnu++14";
				CLANG_CXX_LIBRARY = "libc++";
				CLANG_ENABLE_MODULES = YES;
				CLANG_ENABLE_OBJC_ARC = YES;
				CLANG_ENABLE_OBJC_WEAK = YES;
				CLANG_WARN_BLOCK_CAPTURE_AUTORELEASING = YES;
				CLANG_WARN_BOOL_CONVERSION = YES;
				CLANG_WARN_COMMA = YES;
				CLANG_WARN_CONSTANT_CONVERSION = YES;
				CLANG_WARN_DEPRECATED_OBJC_IMPLEMENTATIONS = YES;
				CLANG_WARN_DIRECT_OBJC_ISA_USAGE = YES_ERROR;
				CLANG_WARN_DOCUMENTATION_COMMENTS = YES;
				CLANG_WARN_EMPTY_BODY = YES;
				CLANG_WARN_ENUM_CONVERSION = YES;
				CLANG_WARN_INFINITE_RECURSION = YES;
				CLANG_WARN_INT_CONVERSION = YES;
				CLANG_WARN_NON_LITERAL_NULL_CONVERSION = YES;
				CLANG_WARN_OBJC_IMPLICIT_RETAIN_SELF = YES;
				CLANG_WARN_OBJC_LITERAL_CONVERSION = YES;
				CLANG_WARN_OBJC_ROOT_CLASS = YES_ERROR;
				CLANG_WARN_RANGE_LOOP_ANALYSIS = YES;
				CLANG_WARN_STRICT_PROTOTYPES = YES;
				CLANG_WARN_SUSPICIOUS_MOVE = YES;
				CLANG_WARN_UNGUARDED_AVAILABILITY = YES_AGGRESSIVE;
				CLANG_WARN_UNREACHABLE_CODE = YES;
				CLANG_WARN__DUPLICATE_METHOD_MATCH = YES;
				COPY_PHASE_STRIP = NO;
				DEBUG_INFORMATION_FORMAT = dwarf;
				ENABLE_STRICT_OBJC_MSGSEND = YES;
				ENABLE_TESTABILITY = YES;
				GCC_C_LANGUAGE_STANDARD = gnu11;
				GCC_DYNAMIC_NO_PIC = NO;
				GCC_NO_COMMON_BLOCKS = YES;
				GCC_OPTIMIZATION_LEVEL = 0;
				GCC_PREPROCESSOR_DEFINITIONS = (
					"DEBUG=1",
					"$(inherited)",
				);
				GCC_WARN_64_TO_32_BIT_CONVERSION = YES;
				GCC_WARN_ABOUT_RETURN_TYPE = YES_ERROR;
				GCC_WARN_UNDECLARED_SELECTOR = YES;
				GCC_WARN_UNINITIALIZED_AUTOS = YES_AGGRESSIVE;
				GCC_WARN_UNUSED_FUNCTION = YES;
				GCC_WARN_UNUSED_VARIABLE = YES;
				IPHONEOS_DEPLOYMENT_TARGET = 13.2;
				MTL_ENABLE_DEBUG_INFO = INCLUDE_SOURCE;
				MTL_FAST_MATH = YES;
				ONLY_ACTIVE_ARCH = YES;
				SDKROOT = iphoneos;
				SWIFT_ACTIVE_COMPILATION_CONDITIONS = DEBUG;
				SWIFT_OPTIMIZATION_LEVEL = "-Onone";
			};
			name = Debug;
		};
		DB0F33A62373E72C00C829E6 /* Release */ = {
			isa = XCBuildConfiguration;
			buildSettings = {
				ALWAYS_SEARCH_USER_PATHS = NO;
				CLANG_ANALYZER_NONNULL = YES;
				CLANG_ANALYZER_NUMBER_OBJECT_CONVERSION = YES_AGGRESSIVE;
				CLANG_CXX_LANGUAGE_STANDARD = "gnu++14";
				CLANG_CXX_LIBRARY = "libc++";
				CLANG_ENABLE_MODULES = YES;
				CLANG_ENABLE_OBJC_ARC = YES;
				CLANG_ENABLE_OBJC_WEAK = YES;
				CLANG_WARN_BLOCK_CAPTURE_AUTORELEASING = YES;
				CLANG_WARN_BOOL_CONVERSION = YES;
				CLANG_WARN_COMMA = YES;
				CLANG_WARN_CONSTANT_CONVERSION = YES;
				CLANG_WARN_DEPRECATED_OBJC_IMPLEMENTATIONS = YES;
				CLANG_WARN_DIRECT_OBJC_ISA_USAGE = YES_ERROR;
				CLANG_WARN_DOCUMENTATION_COMMENTS = YES;
				CLANG_WARN_EMPTY_BODY = YES;
				CLANG_WARN_ENUM_CONVERSION = YES;
				CLANG_WARN_INFINITE_RECURSION = YES;
				CLANG_WARN_INT_CONVERSION = YES;
				CLANG_WARN_NON_LITERAL_NULL_CONVERSION = YES;
				CLANG_WARN_OBJC_IMPLICIT_RETAIN_SELF = YES;
				CLANG_WARN_OBJC_LITERAL_CONVERSION = YES;
				CLANG_WARN_OBJC_ROOT_CLASS = YES_ERROR;
				CLANG_WARN_RANGE_LOOP_ANALYSIS = YES;
				CLANG_WARN_STRICT_PROTOTYPES = YES;
				CLANG_WARN_SUSPICIOUS_MOVE = YES;
				CLANG_WARN_UNGUARDED_AVAILABILITY = YES_AGGRESSIVE;
				CLANG_WARN_UNREACHABLE_CODE = YES;
				CLANG_WARN__DUPLICATE_METHOD_MATCH = YES;
				COPY_PHASE_STRIP = NO;
				DEBUG_INFORMATION_FORMAT = "dwarf-with-dsym";
				ENABLE_NS_ASSERTIONS = NO;
				ENABLE_STRICT_OBJC_MSGSEND = YES;
				GCC_C_LANGUAGE_STANDARD = gnu11;
				GCC_NO_COMMON_BLOCKS = YES;
				GCC_WARN_64_TO_32_BIT_CONVERSION = YES;
				GCC_WARN_ABOUT_RETURN_TYPE = YES_ERROR;
				GCC_WARN_UNDECLARED_SELECTOR = YES;
				GCC_WARN_UNINITIALIZED_AUTOS = YES_AGGRESSIVE;
				GCC_WARN_UNUSED_FUNCTION = YES;
				GCC_WARN_UNUSED_VARIABLE = YES;
				IPHONEOS_DEPLOYMENT_TARGET = 13.2;
				MTL_ENABLE_DEBUG_INFO = NO;
				MTL_FAST_MATH = YES;
				SDKROOT = iphoneos;
				SWIFT_COMPILATION_MODE = wholemodule;
				SWIFT_OPTIMIZATION_LEVEL = "-O";
				VALIDATE_PRODUCT = YES;
			};
			name = Release;
		};
		DB0F33A82373E72C00C829E6 /* Debug */ = {
			isa = XCBuildConfiguration;
			buildSettings = {
				ASSETCATALOG_COMPILER_APPICON_NAME = AppIcon;
				CODE_SIGN_STYLE = Automatic;
				DEVELOPMENT_TEAM = 4U9B5GDBZA;
				INFOPLIST_FILE = "MVVMPractice/Supporting Files/Info.plist";
				LD_RUNPATH_SEARCH_PATHS = (
					"$(inherited)",
					"@executable_path/Frameworks",
				);
				PRODUCT_BUNDLE_IDENTIFIER = "Kim-DongHwan.MVVMPractice";
				PRODUCT_NAME = "$(TARGET_NAME)";
				SWIFT_VERSION = 5.0;
				TARGETED_DEVICE_FAMILY = "1,2";
			};
			name = Debug;
		};
		DB0F33A92373E72C00C829E6 /* Release */ = {
			isa = XCBuildConfiguration;
			buildSettings = {
				ASSETCATALOG_COMPILER_APPICON_NAME = AppIcon;
				CODE_SIGN_STYLE = Automatic;
				DEVELOPMENT_TEAM = 4U9B5GDBZA;
				INFOPLIST_FILE = "MVVMPractice/Supporting Files/Info.plist";
				LD_RUNPATH_SEARCH_PATHS = (
					"$(inherited)",
					"@executable_path/Frameworks",
				);
				PRODUCT_BUNDLE_IDENTIFIER = "Kim-DongHwan.MVVMPractice";
				PRODUCT_NAME = "$(TARGET_NAME)";
				SWIFT_VERSION = 5.0;
				TARGETED_DEVICE_FAMILY = "1,2";
			};
			name = Release;
		};
		DB0F33AB2373E72C00C829E6 /* Debug */ = {
			isa = XCBuildConfiguration;
			buildSettings = {
				ALWAYS_EMBED_SWIFT_STANDARD_LIBRARIES = YES;
				BUNDLE_LOADER = "$(TEST_HOST)";
				CODE_SIGN_STYLE = Automatic;
				DEVELOPMENT_TEAM = 4U9B5GDBZA;
				INFOPLIST_FILE = MVVMPracticeTests/Info.plist;
				IPHONEOS_DEPLOYMENT_TARGET = 13.2;
				LD_RUNPATH_SEARCH_PATHS = (
					"$(inherited)",
					"@executable_path/Frameworks",
					"@loader_path/Frameworks",
				);
				PRODUCT_BUNDLE_IDENTIFIER = "Kim-DongHwan.MVVMPracticeTests";
				PRODUCT_NAME = "$(TARGET_NAME)";
				SWIFT_VERSION = 5.0;
				TARGETED_DEVICE_FAMILY = "1,2";
				TEST_HOST = "$(BUILT_PRODUCTS_DIR)/MVVMPractice.app/MVVMPractice";
			};
			name = Debug;
		};
		DB0F33AC2373E72C00C829E6 /* Release */ = {
			isa = XCBuildConfiguration;
			buildSettings = {
				ALWAYS_EMBED_SWIFT_STANDARD_LIBRARIES = YES;
				BUNDLE_LOADER = "$(TEST_HOST)";
				CODE_SIGN_STYLE = Automatic;
				DEVELOPMENT_TEAM = 4U9B5GDBZA;
				INFOPLIST_FILE = MVVMPracticeTests/Info.plist;
				IPHONEOS_DEPLOYMENT_TARGET = 13.2;
				LD_RUNPATH_SEARCH_PATHS = (
					"$(inherited)",
					"@executable_path/Frameworks",
					"@loader_path/Frameworks",
				);
				PRODUCT_BUNDLE_IDENTIFIER = "Kim-DongHwan.MVVMPracticeTests";
				PRODUCT_NAME = "$(TARGET_NAME)";
				SWIFT_VERSION = 5.0;
				TARGETED_DEVICE_FAMILY = "1,2";
				TEST_HOST = "$(BUILT_PRODUCTS_DIR)/MVVMPractice.app/MVVMPractice";
			};
			name = Release;
		};
		DB0F33AE2373E72C00C829E6 /* Debug */ = {
			isa = XCBuildConfiguration;
			buildSettings = {
				ALWAYS_EMBED_SWIFT_STANDARD_LIBRARIES = YES;
				CODE_SIGN_STYLE = Automatic;
				DEVELOPMENT_TEAM = 4U9B5GDBZA;
				INFOPLIST_FILE = MVVMPracticeUITests/Info.plist;
				LD_RUNPATH_SEARCH_PATHS = (
					"$(inherited)",
					"@executable_path/Frameworks",
					"@loader_path/Frameworks",
				);
				PRODUCT_BUNDLE_IDENTIFIER = "Kim-DongHwan.MVVMPracticeUITests";
				PRODUCT_NAME = "$(TARGET_NAME)";
				SWIFT_VERSION = 5.0;
				TARGETED_DEVICE_FAMILY = "1,2";
				TEST_TARGET_NAME = MVVMPractice;
			};
			name = Debug;
		};
		DB0F33AF2373E72C00C829E6 /* Release */ = {
			isa = XCBuildConfiguration;
			buildSettings = {
				ALWAYS_EMBED_SWIFT_STANDARD_LIBRARIES = YES;
				CODE_SIGN_STYLE = Automatic;
				DEVELOPMENT_TEAM = 4U9B5GDBZA;
				INFOPLIST_FILE = MVVMPracticeUITests/Info.plist;
				LD_RUNPATH_SEARCH_PATHS = (
					"$(inherited)",
					"@executable_path/Frameworks",
					"@loader_path/Frameworks",
				);
				PRODUCT_BUNDLE_IDENTIFIER = "Kim-DongHwan.MVVMPracticeUITests";
				PRODUCT_NAME = "$(TARGET_NAME)";
				SWIFT_VERSION = 5.0;
				TARGETED_DEVICE_FAMILY = "1,2";
				TEST_TARGET_NAME = MVVMPractice;
			};
			name = Release;
		};
/* End XCBuildConfiguration section */

/* Begin XCConfigurationList section */
		DB0F33782373E72A00C829E6 /* Build configuration list for PBXProject "MVVMPractice" */ = {
			isa = XCConfigurationList;
			buildConfigurations = (
				DB0F33A52373E72C00C829E6 /* Debug */,
				DB0F33A62373E72C00C829E6 /* Release */,
			);
			defaultConfigurationIsVisible = 0;
			defaultConfigurationName = Release;
		};
		DB0F33A72373E72C00C829E6 /* Build configuration list for PBXNativeTarget "MVVMPractice" */ = {
			isa = XCConfigurationList;
			buildConfigurations = (
				DB0F33A82373E72C00C829E6 /* Debug */,
				DB0F33A92373E72C00C829E6 /* Release */,
			);
			defaultConfigurationIsVisible = 0;
			defaultConfigurationName = Release;
		};
		DB0F33AA2373E72C00C829E6 /* Build configuration list for PBXNativeTarget "MVVMPracticeTests" */ = {
			isa = XCConfigurationList;
			buildConfigurations = (
				DB0F33AB2373E72C00C829E6 /* Debug */,
				DB0F33AC2373E72C00C829E6 /* Release */,
			);
			defaultConfigurationIsVisible = 0;
			defaultConfigurationName = Release;
		};
		DB0F33AD2373E72C00C829E6 /* Build configuration list for PBXNativeTarget "MVVMPracticeUITests" */ = {
			isa = XCConfigurationList;
			buildConfigurations = (
				DB0F33AE2373E72C00C829E6 /* Debug */,
				DB0F33AF2373E72C00C829E6 /* Release */,
			);
			defaultConfigurationIsVisible = 0;
			defaultConfigurationName = Release;
		};
/* End XCConfigurationList section */
	};
	rootObject = DB0F33752373E72A00C829E6 /* Project object */;
}
